
Microsoft Visual Studio Solution File, Format Version 12.00
Project("{FAE04EC0-301F-11D3-BF4B-00C04F79EFBC}") = "PracticeRoundSimpleAlgorithm", "PracticeRoundSimpleAlgorithm\PracticeRoundSimpleAlgorithm.csproj", "{34EA21D0-7298-4C2C-8846-F2C453BC36F4}"
EndProject
Project("{FAE04EC0-301F-11D3-BF4B-00C04F79EFBC}") = "PracticceRoundGeneticAlgorithm", "PracticceRoundGeneticAlgorithm\PracticceRoundGeneticAlgorithm.csproj", "{0E94EDFD-EBD7-4D7C-9B49-03764CAFA75E}"
EndProject
Project("{FAE04EC0-301F-11D3-BF4B-00C04F79EFBC}") = "OnlineQualificationRound", "OnlineQualificationRound\OnlineQualificationRound.csproj", "{591E1F48-61BD-429D-81DA-C2A822F64D0D}"
EndProject
Global
	GlobalSection(SolutionConfigurationPlatforms) = preSolution
		Debug|Any CPU = Debug|Any CPU
		Release|Any CPU = Release|Any CPU
	EndGlobalSection
	GlobalSection(ProjectConfigurationPlatforms) = postSolution
		{34EA21D0-7298-4C2C-8846-F2C453BC36F4}.Debug|Any CPU.ActiveCfg = Debug|Any CPU
		{34EA21D0-7298-4C2C-8846-F2C453BC36F4}.Debug|Any CPU.Build.0 = Debug|Any CPU
		{34EA21D0-7298-4C2C-8846-F2C453BC36F4}.Release|Any CPU.ActiveCfg = Release|Any CPU
		{34EA21D0-7298-4C2C-8846-F2C453BC36F4}.Release|Any CPU.Build.0 = Release|Any CPU
		{0E94EDFD-EBD7-4D7C-9B49-03764CAFA75E}.Debug|Any CPU.ActiveCfg = Debug|Any CPU
		{0E94EDFD-EBD7-4D7C-9B49-03764CAFA75E}.Debug|Any CPU.Build.0 = Debug|Any CPU
		{0E94EDFD-EBD7-4D7C-9B49-03764CAFA75E}.Release|Any CPU.ActiveCfg = Release|Any CPU
		{0E94EDFD-EBD7-4D7C-9B49-03764CAFA75E}.Release|Any CPU.Build.0 = Release|Any CPU
		{591E1F48-61BD-429D-81DA-C2A822F64D0D}.Debug|Any CPU.ActiveCfg = Debug|Any CPU
		{591E1F48-61BD-429D-81DA-C2A822F64D0D}.Debug|Any CPU.Build.0 = Debug|Any CPU
		{591E1F48-61BD-429D-81DA-C2A822F64D0D}.Release|Any CPU.ActiveCfg = Release|Any CPU
		{591E1F48-61BD-429D-81DA-C2A822F64D0D}.Release|Any CPU.Build.0 = Release|Any CPU
	EndGlobalSection
EndGlobal
